
Microsoft Visual Studio Solution File, Format Version 12.00
# Visual Studio Version 17
VisualStudioVersion = 17.0.32002.185
MinimumVisualStudioVersion = 10.0.40219.1
Project("{FAE04EC0-301F-11D3-BF4B-00C04F79EFBC}") = "WebApp1", "WebApp1\WebApp1.csproj", "{B26F3914-82B1-45F6-8258-6A8F05C219E8}"
EndProject
Global
	GlobalSection(SolutionConfigurationPlatforms) = preSolution
		Debug|Any CPU = Debug|Any CPU
		Release|Any CPU = Release|Any CPU
	EndGlobalSection
	GlobalSection(ProjectConfigurationPlatforms) = postSolution
		{B26F3914-82B1-45F6-8258-6A8F05C219E8}.Debug|Any CPU.ActiveCfg = Debug|Any CPU
		{B26F3914-82B1-45F6-8258-6A8F05C219E8}.Debug|Any CPU.Build.0 = Debug|Any CPU
		{B26F3914-82B1-45F6-8258-6A8F05C219E8}.Release|Any CPU.ActiveCfg = Release|Any CPU
		{B26F3914-82B1-45F6-8258-6A8F05C219E8}.Release|Any CPU.Build.0 = Release|Any CPU
	EndGlobalSection
	GlobalSection(SolutionProperties) = preSolution
		HideSolutionNode = FALSE
	EndGlobalSection
	GlobalSection(ExtensibilityGlobals) = postSolution
		SolutionGuid = {78BCCD2A-A1B5-47CA-BAA1-A04DC6FD4E97}
	EndGlobalSection
EndGlobal
